// !$*UTF8*$!
{
	archiveVersion = 1;
	classes = {
	};
	objectVersion = 56;
	objects = {

/* Begin PBXBuildFile section */
		34609D212A8C0CFE006E00FF /* SwiftCoinApp.swift in Sources */ = {isa = PBXBuildFile; fileRef = 34609D202A8C0CFE006E00FF /* SwiftCoinApp.swift */; };
		34609D252A8C0CFF006E00FF /* Assets.xcassets in Resources */ = {isa = PBXBuildFile; fileRef = 34609D242A8C0CFF006E00FF /* Assets.xcassets */; };
		34609D282A8C0CFF006E00FF /* Preview Assets.xcassets in Resources */ = {isa = PBXBuildFile; fileRef = 34609D272A8C0CFF006E00FF /* Preview Assets.xcassets */; };
		34609D372A8C1553006E00FF /* HomeView.swift in Sources */ = {isa = PBXBuildFile; fileRef = 34609D362A8C1553006E00FF /* HomeView.swift */; };
		34609D392A8C1723006E00FF /* TopMoversItemView.swift in Sources */ = {isa = PBXBuildFile; fileRef = 34609D382A8C1723006E00FF /* TopMoversItemView.swift */; };
		34609D3B2A8C1731006E00FF /* TopMoversView.swift in Sources */ = {isa = PBXBuildFile; fileRef = 34609D3A2A8C1731006E00FF /* TopMoversView.swift */; };
		34609D3D2A8C2206006E00FF /* AllCoinsView.swift in Sources */ = {isa = PBXBuildFile; fileRef = 34609D3C2A8C2206006E00FF /* AllCoinsView.swift */; };
		34609D3F2A8C2214006E00FF /* CoinRowView.swift in Sources */ = {isa = PBXBuildFile; fileRef = 34609D3E2A8C2214006E00FF /* CoinRowView.swift */; };
		349D35502A8DFE03002A1CB1 /* Double.swift in Sources */ = {isa = PBXBuildFile; fileRef = 349D354F2A8DFE03002A1CB1 /* Double.swift */; };
		34E524272A8D305500014C49 /* HomeViewModel.swift in Sources */ = {isa = PBXBuildFile; fileRef = 34E524262A8D305500014C49 /* HomeViewModel.swift */; };
		34E5242A2A8D331600014C49 /* Coin.swift in Sources */ = {isa = PBXBuildFile; fileRef = 34E524292A8D331600014C49 /* Coin.swift */; };
		34E5242D2A8D557D00014C49 /* Kingfisher in Frameworks */ = {isa = PBXBuildFile; productRef = 34E5242C2A8D557D00014C49 /* Kingfisher */; };
/* End PBXBuildFile section */

/* Begin PBXFileReference section */
		34609D1D2A8C0CFE006E00FF /* SwiftCoin.app */ = {isa = PBXFileReference; explicitFileType = wrapper.application; includeInIndex = 0; path = SwiftCoin.app; sourceTree = BUILT_PRODUCTS_DIR; };
		34609D202A8C0CFE006E00FF /* SwiftCoinApp.swift */ = {isa = PBXFileReference; lastKnownFileType = sourcecode.swift; path = SwiftCoinApp.swift; sourceTree = "<group>"; };
		34609D242A8C0CFF006E00FF /* Assets.xcassets */ = {isa = PBXFileReference; lastKnownFileType = folder.assetcatalog; path = Assets.xcassets; sourceTree = "<group>"; };
		34609D272A8C0CFF006E00FF /* Preview Assets.xcassets */ = {isa = PBXFileReference; lastKnownFileType = folder.assetcatalog; path = "Preview Assets.xcassets"; sourceTree = "<group>"; };
		34609D362A8C1553006E00FF /* HomeView.swift */ = {isa = PBXFileReference; lastKnownFileType = sourcecode.swift; path = HomeView.swift; sourceTree = "<group>"; };
		34609D382A8C1723006E00FF /* TopMoversItemView.swift */ = {isa = PBXFileReference; lastKnownFileType = sourcecode.swift; path = TopMoversItemView.swift; sourceTree = "<group>"; };
		34609D3A2A8C1731006E00FF /* TopMoversView.swift */ = {isa = PBXFileReference; lastKnownFileType = sourcecode.swift; path = TopMoversView.swift; sourceTree = "<group>"; };
		34609D3C2A8C2206006E00FF /* AllCoinsView.swift */ = {isa = PBXFileReference; lastKnownFileType = sourcecode.swift; path = AllCoinsView.swift; sourceTree = "<group>"; };
		34609D3E2A8C2214006E00FF /* CoinRowView.swift */ = {isa = PBXFileReference; lastKnownFileType = sourcecode.swift; path = CoinRowView.swift; sourceTree = "<group>"; };
		34609D402A8C32BB006E00FF /* Info.plist */ = {isa = PBXFileReference; lastKnownFileType = text.plist; path = Info.plist; sourceTree = "<group>"; };
		349D354F2A8DFE03002A1CB1 /* Double.swift */ = {isa = PBXFileReference; lastKnownFileType = sourcecode.swift; path = Double.swift; sourceTree = "<group>"; };
		34E524262A8D305500014C49 /* HomeViewModel.swift */ = {isa = PBXFileReference; lastKnownFileType = sourcecode.swift; path = HomeViewModel.swift; sourceTree = "<group>"; };
		34E524292A8D331600014C49 /* Coin.swift */ = {isa = PBXFileReference; lastKnownFileType = sourcecode.swift; path = Coin.swift; sourceTree = "<group>"; };
/* End PBXFileReference section */

/* Begin PBXFrameworksBuildPhase section */
		34609D1A2A8C0CFE006E00FF /* Frameworks */ = {
			isa = PBXFrameworksBuildPhase;
			buildActionMask = 2147483647;
			files = (
				34E5242D2A8D557D00014C49 /* Kingfisher in Frameworks */,
			);
			runOnlyForDeploymentPostprocessing = 0;
		};
/* End PBXFrameworksBuildPhase section */

/* Begin PBXGroup section */
		34609D142A8C0CFE006E00FF = {
			isa = PBXGroup;
			children = (
				34609D1F2A8C0CFE006E00FF /* SwiftCoin */,
				34609D1E2A8C0CFE006E00FF /* Products */,
			);
			sourceTree = "<group>";
		};
		34609D1E2A8C0CFE006E00FF /* Products */ = {
			isa = PBXGroup;
			children = (
				34609D1D2A8C0CFE006E00FF /* SwiftCoin.app */,
			);
			name = Products;
			sourceTree = "<group>";
		};
		34609D1F2A8C0CFE006E00FF /* SwiftCoin */ = {
			isa = PBXGroup;
			children = (
				349D354E2A8DFDE1002A1CB1 /* Extensions */,
				34609D402A8C32BB006E00FF /* Info.plist */,
				34E524282A8D32FA00014C49 /* Models */,
				34609D312A8C147E006E00FF /* Core */,
				34609D322A8C14A2006E00FF /* App */,
				34609D242A8C0CFF006E00FF /* Assets.xcassets */,
				34609D262A8C0CFF006E00FF /* Preview Content */,
			);
			path = SwiftCoin;
			sourceTree = "<group>";
		};
		34609D262A8C0CFF006E00FF /* Preview Content */ = {
			isa = PBXGroup;
			children = (
				34609D272A8C0CFF006E00FF /* Preview Assets.xcassets */,
			);
			path = "Preview Content";
			sourceTree = "<group>";
		};
		34609D312A8C147E006E00FF /* Core */ = {
			isa = PBXGroup;
			children = (
				34609D332A8C151A006E00FF /* Home */,
			);
			path = Core;
			sourceTree = "<group>";
		};
		34609D322A8C14A2006E00FF /* App */ = {
			isa = PBXGroup;
			children = (
				34609D202A8C0CFE006E00FF /* SwiftCoinApp.swift */,
			);
			path = App;
			sourceTree = "<group>";
		};
		34609D332A8C151A006E00FF /* Home */ = {
			isa = PBXGroup;
			children = (
				34609D342A8C151F006E00FF /* Views */,
				34E524252A8D303700014C49 /* ViewModels */,
			);
			path = Home;
			sourceTree = "<group>";
		};
		34609D342A8C151F006E00FF /* Views */ = {
			isa = PBXGroup;
			children = (
				34609D362A8C1553006E00FF /* HomeView.swift */,
				34609D3A2A8C1731006E00FF /* TopMoversView.swift */,
				34609D382A8C1723006E00FF /* TopMoversItemView.swift */,
				34609D3C2A8C2206006E00FF /* AllCoinsView.swift */,
				34609D3E2A8C2214006E00FF /* CoinRowView.swift */,
			);
			path = Views;
			sourceTree = "<group>";
		};
		349D354E2A8DFDE1002A1CB1 /* Extensions */ = {
			isa = PBXGroup;
			children = (
				349D354F2A8DFE03002A1CB1 /* Double.swift */,
			);
			path = Extensions;
			sourceTree = "<group>";
		};
		34E524252A8D303700014C49 /* ViewModels */ = {
			isa = PBXGroup;
			children = (
				34E524262A8D305500014C49 /* HomeViewModel.swift */,
			);
			path = ViewModels;
			sourceTree = "<group>";
		};
		34E524282A8D32FA00014C49 /* Models */ = {
			isa = PBXGroup;
			children = (
				34E524292A8D331600014C49 /* Coin.swift */,
			);
			path = Models;
			sourceTree = "<group>";
		};
/* End PBXGroup section */

/* Begin PBXNativeTarget section */
		34609D1C2A8C0CFE006E00FF /* SwiftCoin */ = {
			isa = PBXNativeTarget;
			buildConfigurationList = 34609D2B2A8C0CFF006E00FF /* Build configuration list for PBXNativeTarget "SwiftCoin" */;
			buildPhases = (
				34609D192A8C0CFE006E00FF /* Sources */,
				34609D1A2A8C0CFE006E00FF /* Frameworks */,
				34609D1B2A8C0CFE006E00FF /* Resources */,
			);
			buildRules = (
			);
			dependencies = (
			);
			name = SwiftCoin;
			packageProductDependencies = (
				34E5242C2A8D557D00014C49 /* Kingfisher */,
			);
			productName = SwiftCoin;
			productReference = 34609D1D2A8C0CFE006E00FF /* SwiftCoin.app */;
			productType = "com.apple.product-type.application";
		};
/* End PBXNativeTarget section */

/* Begin PBXProject section */
		34609D152A8C0CFE006E00FF /* Project object */ = {
			isa = PBXProject;
			attributes = {
				BuildIndependentTargetsInParallel = 1;
				LastSwiftUpdateCheck = 1420;
				LastUpgradeCheck = 1420;
				TargetAttributes = {
					34609D1C2A8C0CFE006E00FF = {
						CreatedOnToolsVersion = 14.2;
					};
				};
			};
			buildConfigurationList = 34609D182A8C0CFE006E00FF /* Build configuration list for PBXProject "SwiftCoin" */;
			compatibilityVersion = "Xcode 14.0";
			developmentRegion = en;
			hasScannedForEncodings = 0;
			knownRegions = (
				en,
				Base,
			);
			mainGroup = 34609D142A8C0CFE006E00FF;
			packageReferences = (
				34E5242B2A8D557D00014C49 /* XCRemoteSwiftPackageReference "Kingfisher" */,
			);
			productRefGroup = 34609D1E2A8C0CFE006E00FF /* Products */;
			projectDirPath = "";
			projectRoot = "";
			targets = (
				34609D1C2A8C0CFE006E00FF /* SwiftCoin */,
			);
		};
/* End PBXProject section */

/* Begin PBXResourcesBuildPhase section */
		34609D1B2A8C0CFE006E00FF /* Resources */ = {
			isa = PBXResourcesBuildPhase;
			buildActionMask = 2147483647;
			files = (
				34609D282A8C0CFF006E00FF /* Preview Assets.xcassets in Resources */,
				34609D252A8C0CFF006E00FF /* Assets.xcassets in Resources */,
			);
			runOnlyForDeploymentPostprocessing = 0;
		};
/* End PBXResourcesBuildPhase section */

/* Begin PBXSourcesBuildPhase section */
		34609D192A8C0CFE006E00FF /* Sources */ = {
			isa = PBXSourcesBuildPhase;
			buildActionMask = 2147483647;
			files = (
				34609D3F2A8C2214006E00FF /* CoinRowView.swift in Sources */,
				34609D3B2A8C1731006E00FF /* TopMoversView.swift in Sources */,
				34E524272A8D305500014C49 /* HomeViewModel.swift in Sources */,
				34609D392A8C1723006E00FF /* TopMoversItemView.swift in Sources */,
				34609D3D2A8C2206006E00FF /* AllCoinsView.swift in Sources */,
				34609D372A8C1553006E00FF /* HomeView.swift in Sources */,
				34E5242A2A8D331600014C49 /* Coin.swift in Sources */,
				349D35502A8DFE03002A1CB1 /* Double.swift in Sources */,
				34609D212A8C0CFE006E00FF /* SwiftCoinApp.swift in Sources */,
			);
			runOnlyForDeploymentPostprocessing = 0;
		};
/* End PBXSourcesBuildPhase section */

/* Begin XCBuildConfiguration section */
		34609D292A8C0CFF006E00FF /* Debug */ = {
			isa = XCBuildConfiguration;
			buildSettings = {
				ALWAYS_SEARCH_USER_PATHS = NO;
				CLANG_ANALYZER_NONNULL = YES;
				CLANG_ANALYZER_NUMBER_OBJECT_CONVERSION = YES_AGGRESSIVE;
				CLANG_CXX_LANGUAGE_STANDARD = "gnu++20";
				CLANG_ENABLE_MODULES = YES;
				CLANG_ENABLE_OBJC_ARC = YES;
				CLANG_ENABLE_OBJC_WEAK = YES;
				CLANG_WARN_BLOCK_CAPTURE_AUTORELEASING = YES;
				CLANG_WARN_BOOL_CONVERSION = YES;
				CLANG_WARN_COMMA = YES;
				CLANG_WARN_CONSTANT_CONVERSION = YES;
				CLANG_WARN_DEPRECATED_OBJC_IMPLEMENTATIONS = YES;
				CLANG_WARN_DIRECT_OBJC_ISA_USAGE = YES_ERROR;
				CLANG_WARN_DOCUMENTATION_COMMENTS = YES;
				CLANG_WARN_EMPTY_BODY = YES;
				CLANG_WARN_ENUM_CONVERSION = YES;
				CLANG_WARN_INFINITE_RECURSION = YES;
				CLANG_WARN_INT_CONVERSION = YES;
				CLANG_WARN_NON_LITERAL_NULL_CONVERSION = YES;
				CLANG_WARN_OBJC_IMPLICIT_RETAIN_SELF = YES;
				CLANG_WARN_OBJC_LITERAL_CONVERSION = YES;
				CLANG_WARN_OBJC_ROOT_CLASS = YES_ERROR;
				CLANG_WARN_QUOTED_INCLUDE_IN_FRAMEWORK_HEADER = YES;
				CLANG_WARN_RANGE_LOOP_ANALYSIS = YES;
				CLANG_WARN_STRICT_PROTOTYPES = YES;
				CLANG_WARN_SUSPICIOUS_MOVE = YES;
				CLANG_WARN_UNGUARDED_AVAILABILITY = YES_AGGRESSIVE;
				CLANG_WARN_UNREACHABLE_CODE = YES;
				CLANG_WARN__DUPLICATE_METHOD_MATCH = YES;
				COPY_PHASE_STRIP = NO;
				DEBUG_INFORMATION_FORMAT = dwarf;
				ENABLE_STRICT_OBJC_MSGSEND = YES;
				ENABLE_TESTABILITY = YES;
				GCC_C_LANGUAGE_STANDARD = gnu11;
				GCC_DYNAMIC_NO_PIC = NO;
				GCC_NO_COMMON_BLOCKS = YES;
				GCC_OPTIMIZATION_LEVEL = 0;
				GCC_PREPROCESSOR_DEFINITIONS = (
					"DEBUG=1",
					"$(inherited)",
				);
				GCC_WARN_64_TO_32_BIT_CONVERSION = YES;
				GCC_WARN_ABOUT_RETURN_TYPE = YES_ERROR;
				GCC_WARN_UNDECLARED_SELECTOR = YES;
				GCC_WARN_UNINITIALIZED_AUTOS = YES_AGGRESSIVE;
				GCC_WARN_UNUSED_FUNCTION = YES;
				GCC_WARN_UNUSED_VARIABLE = YES;
				IPHONEOS_DEPLOYMENT_TARGET = 16.2;
				MTL_ENABLE_DEBUG_INFO = INCLUDE_SOURCE;
				MTL_FAST_MATH = YES;
				ONLY_ACTIVE_ARCH = YES;
				SDKROOT = iphoneos;
				SWIFT_ACTIVE_COMPILATION_CONDITIONS = DEBUG;
				SWIFT_OPTIMIZATION_LEVEL = "-Onone";
			};
			name = Debug;
		};
		34609D2A2A8C0CFF006E00FF /* Release */ = {
			isa = XCBuildConfiguration;
			buildSettings = {
				ALWAYS_SEARCH_USER_PATHS = NO;
				CLANG_ANALYZER_NONNULL = YES;
				CLANG_ANALYZER_NUMBER_OBJECT_CONVERSION = YES_AGGRESSIVE;
				CLANG_CXX_LANGUAGE_STANDARD = "gnu++20";
				CLANG_ENABLE_MODULES = YES;
				CLANG_ENABLE_OBJC_ARC = YES;
				CLANG_ENABLE_OBJC_WEAK = YES;
				CLANG_WARN_BLOCK_CAPTURE_AUTORELEASING = YES;
				CLANG_WARN_BOOL_CONVERSION = YES;
				CLANG_WARN_COMMA = YES;
				CLANG_WARN_CONSTANT_CONVERSION = YES;
				CLANG_WARN_DEPRECATED_OBJC_IMPLEMENTATIONS = YES;
				CLANG_WARN_DIRECT_OBJC_ISA_USAGE = YES_ERROR;
				CLANG_WARN_DOCUMENTATION_COMMENTS = YES;
				CLANG_WARN_EMPTY_BODY = YES;
				CLANG_WARN_ENUM_CONVERSION = YES;
				CLANG_WARN_INFINITE_RECURSION = YES;
				CLANG_WARN_INT_CONVERSION = YES;
				CLANG_WARN_NON_LITERAL_NULL_CONVERSION = YES;
				CLANG_WARN_OBJC_IMPLICIT_RETAIN_SELF = YES;
				CLANG_WARN_OBJC_LITERAL_CONVERSION = YES;
				CLANG_WARN_OBJC_ROOT_CLASS = YES_ERROR;
				CLANG_WARN_QUOTED_INCLUDE_IN_FRAMEWORK_HEADER = YES;
				CLANG_WARN_RANGE_LOOP_ANALYSIS = YES;
				CLANG_WARN_STRICT_PROTOTYPES = YES;
				CLANG_WARN_SUSPICIOUS_MOVE = YES;
				CLANG_WARN_UNGUARDED_AVAILABILITY = YES_AGGRESSIVE;
				CLANG_WARN_UNREACHABLE_CODE = YES;
				CLANG_WARN__DUPLICATE_METHOD_MATCH = YES;
				COPY_PHASE_STRIP = NO;
				DEBUG_INFORMATION_FORMAT = "dwarf-with-dsym";
				ENABLE_NS_ASSERTIONS = NO;
				ENABLE_STRICT_OBJC_MSGSEND = YES;
				GCC_C_LANGUAGE_STANDARD = gnu11;
				GCC_NO_COMMON_BLOCKS = YES;
				GCC_WARN_64_TO_32_BIT_CONVERSION = YES;
				GCC_WARN_ABOUT_RETURN_TYPE = YES_ERROR;
				GCC_WARN_UNDECLARED_SELECTOR = YES;
				GCC_WARN_UNINITIALIZED_AUTOS = YES_AGGRESSIVE;
				GCC_WARN_UNUSED_FUNCTION = YES;
				GCC_WARN_UNUSED_VARIABLE = YES;
				IPHONEOS_DEPLOYMENT_TARGET = 16.2;
				MTL_ENABLE_DEBUG_INFO = NO;
				MTL_FAST_MATH = YES;
				SDKROOT = iphoneos;
				SWIFT_COMPILATION_MODE = wholemodule;
				SWIFT_OPTIMIZATION_LEVEL = "-O";
				VALIDATE_PRODUCT = YES;
			};
			name = Release;
		};
		34609D2C2A8C0CFF006E00FF /* Debug */ = {
			isa = XCBuildConfiguration;
			buildSettings = {
				ASSETCATALOG_COMPILER_APPICON_NAME = AppIcon;
				ASSETCATALOG_COMPILER_GLOBAL_ACCENT_COLOR_NAME = AccentColor;
				CODE_SIGN_STYLE = Automatic;
				CURRENT_PROJECT_VERSION = 1;
				DEVELOPMENT_ASSET_PATHS = "\"SwiftCoin/Preview Content\"";
				DEVELOPMENT_TEAM = G7P6FFNM77;
				ENABLE_PREVIEWS = YES;
				GENERATE_INFOPLIST_FILE = YES;
				INFOPLIST_FILE = SwiftCoin/Info.plist;
				INFOPLIST_KEY_UIApplicationSupportsIndirectInputEvents = YES;
				INFOPLIST_KEY_UILaunchScreen_Generation = YES;
				INFOPLIST_KEY_UISupportedInterfaceOrientations_iPad = "UIInterfaceOrientationPortrait UIInterfaceOrientationPortraitUpsideDown UIInterfaceOrientationLandscapeLeft UIInterfaceOrientationLandscapeRight";
				INFOPLIST_KEY_UISupportedInterfaceOrientations_iPhone = "UIInterfaceOrientationPortrait UIInterfaceOrientationLandscapeLeft UIInterfaceOrientationLandscapeRight";
				LD_RUNPATH_SEARCH_PATHS = (
					"$(inherited)",
					"@executable_path/Frameworks",
				);
				MARKETING_VERSION = 1.0;
				PRODUCT_BUNDLE_IDENTIFIER = com.yigitesmen.SwiftCoin;
				PRODUCT_NAME = "$(TARGET_NAME)";
				SWIFT_EMIT_LOC_STRINGS = YES;
				SWIFT_VERSION = 5.0;
				TARGETED_DEVICE_FAMILY = "1,2";
			};
			name = Debug;
		};
		34609D2D2A8C0CFF006E00FF /* Release */ = {
			isa = XCBuildConfiguration;
			buildSettings = {
				ASSETCATALOG_COMPILER_APPICON_NAME = AppIcon;
				ASSETCATALOG_COMPILER_GLOBAL_ACCENT_COLOR_NAME = AccentColor;
				CODE_SIGN_STYLE = Automatic;
				CURRENT_PROJECT_VERSION = 1;
				DEVELOPMENT_ASSET_PATHS = "\"SwiftCoin/Preview Content\"";
				DEVELOPMENT_TEAM = G7P6FFNM77;
				ENABLE_PREVIEWS = YES;
				GENERATE_INFOPLIST_FILE = YES;
				INFOPLIST_FILE = SwiftCoin/Info.plist;
				INFOPLIST_KEY_UIApplicationSupportsIndirectInputEvents = YES;
				INFOPLIST_KEY_UILaunchScreen_Generation = YES;
				INFOPLIST_KEY_UISupportedInterfaceOrientations_iPad = "UIInterfaceOrientationPortrait UIInterfaceOrientationPortraitUpsideDown UIInterfaceOrientationLandscapeLeft UIInterfaceOrientationLandscapeRight";
				INFOPLIST_KEY_UISupportedInterfaceOrientations_iPhone = "UIInterfaceOrientationPortrait UIInterfaceOrientationLandscapeLeft UIInterfaceOrientationLandscapeRight";
				LD_RUNPATH_SEARCH_PATHS = (
					"$(inherited)",
					"@executable_path/Frameworks",
				);
				MARKETING_VERSION = 1.0;
				PRODUCT_BUNDLE_IDENTIFIER = com.yigitesmen.SwiftCoin;
				PRODUCT_NAME = "$(TARGET_NAME)";
				SWIFT_EMIT_LOC_STRINGS = YES;
				SWIFT_VERSION = 5.0;
				TARGETED_DEVICE_FAMILY = "1,2";
			};
			name = Release;
		};
/* End XCBuildConfiguration section */

/* Begin XCConfigurationList section */
		34609D182A8C0CFE006E00FF /* Build configuration list for PBXProject "SwiftCoin" */ = {
			isa = XCConfigurationList;
			buildConfigurations = (
				34609D292A8C0CFF006E00FF /* Debug */,
				34609D2A2A8C0CFF006E00FF /* Release */,
			);
			defaultConfigurationIsVisible = 0;
			defaultConfigurationName = Release;
		};
		34609D2B2A8C0CFF006E00FF /* Build configuration list for PBXNativeTarget "SwiftCoin" */ = {
			isa = XCConfigurationList;
			buildConfigurations = (
				34609D2C2A8C0CFF006E00FF /* Debug */,
				34609D2D2A8C0CFF006E00FF /* Release */,
			);
			defaultConfigurationIsVisible = 0;
			defaultConfigurationName = Release;
		};
/* End XCConfigurationList section */

/* Begin XCRemoteSwiftPackageReference section */
		34E5242B2A8D557D00014C49 /* XCRemoteSwiftPackageReference "Kingfisher" */ = {
			isa = XCRemoteSwiftPackageReference;
			repositoryURL = "https://github.com/onevcat/Kingfisher.git";
			requirement = {
				branch = master;
				kind = branch;
			};
		};
/* End XCRemoteSwiftPackageReference section */

/* Begin XCSwiftPackageProductDependency section */
		34E5242C2A8D557D00014C49 /* Kingfisher */ = {
			isa = XCSwiftPackageProductDependency;
			package = 34E5242B2A8D557D00014C49 /* XCRemoteSwiftPackageReference "Kingfisher" */;
			productName = Kingfisher;
		};
/* End XCSwiftPackageProductDependency section */
	};
	rootObject = 34609D152A8C0CFE006E00FF /* Project object */;
}
